
Microsoft Visual Studio Solution File, Format Version 12.00
# Visual Studio 15
VisualStudioVersion = 15.0.28010.2016
MinimumVisualStudioVersion = 10.0.40219.1
Project("{8BC9CEB8-8B4A-11D0-8D11-00A0C91BC942}") = "hello_world", "hello_world\hello_world.vcxproj", "{E852CCB6-2B58-446B-AEC1-8004502CB2E8}"
EndProject
Global
	GlobalSection(SolutionConfigurationPlatforms) = preSolution
		Debug|x64 = Debug|x64
		Debug|x86 = Debug|x86
		Release|x64 = Release|x64
		Release|x86 = Release|x86
	EndGlobalSection
	GlobalSection(ProjectConfigurationPlatforms) = postSolution
		{E852CCB6-2B58-446B-AEC1-8004502CB2E8}.Debug|x64.ActiveCfg = Debug|x64
		{E852CCB6-2B58-446B-AEC1-8004502CB2E8}.Debug|x64.Build.0 = Debug|x64
		{E852CCB6-2B58-446B-AEC1-8004502CB2E8}.Debug|x86.ActiveCfg = Debug|Win32
		{E852CCB6-2B58-446B-AEC1-8004502CB2E8}.Debug|x86.Build.0 = Debug|Win32
		{E852CCB6-2B58-446B-AEC1-8004502CB2E8}.Release|x64.ActiveCfg = Release|x64
		{E852CCB6-2B58-446B-AEC1-8004502CB2E8}.Release|x64.Build.0 = Release|x64
		{E852CCB6-2B58-446B-AEC1-8004502CB2E8}.Release|x86.ActiveCfg = Release|Win32
		{E852CCB6-2B58-446B-AEC1-8004502CB2E8}.Release|x86.Build.0 = Release|Win32
	EndGlobalSection
	GlobalSection(SolutionProperties) = preSolution
		HideSolutionNode = FALSE
	EndGlobalSection
	GlobalSection(ExtensibilityGlobals) = postSolution
		SolutionGuid = {4F709CFE-54DA-47FF-989F-5CD0F9CB0D06}
	EndGlobalSection
EndGlobal
